
Microsoft Visual Studio Solution File, Format Version 12.00
# Visual Studio 15
VisualStudioVersion = 15.0.28010.2050
MinimumVisualStudioVersion = 10.0.40219.1
Project("{FAE04EC0-301F-11D3-BF4B-00C04F79EFBC}") = "TransportRentalSystem", "TransportRentalSystem\TransportRentalSystem.csproj", "{7B8F8399-0345-41CC-A3FC-6B218364D5A4}"
EndProject
Project("{FAE04EC0-301F-11D3-BF4B-00C04F79EFBC}") = "DAL", "DAL\DAL.csproj", "{AB5D126C-F7B0-4581-BCDF-C692E2EF9C62}"
EndProject
Project("{FAE04EC0-301F-11D3-BF4B-00C04F79EFBC}") = "Models", "Models\Models.csproj", "{4DE61DED-C9A7-4C0F-BF3F-5F3B7AAB8DAB}"
EndProject
Project("{FAE04EC0-301F-11D3-BF4B-00C04F79EFBC}") = "Utilities", "Utilities\Utilities.csproj", "{5D8AF3D3-FE32-47F7-B8BF-7516C1FD96C3}"
EndProject
Global
	GlobalSection(SolutionConfigurationPlatforms) = preSolution
		Debug|Any CPU = Debug|Any CPU
		Release|Any CPU = Release|Any CPU
	EndGlobalSection
	GlobalSection(ProjectConfigurationPlatforms) = postSolution
		{7B8F8399-0345-41CC-A3FC-6B218364D5A4}.Debug|Any CPU.ActiveCfg = Debug|Any CPU
		{7B8F8399-0345-41CC-A3FC-6B218364D5A4}.Debug|Any CPU.Build.0 = Debug|Any CPU
		{7B8F8399-0345-41CC-A3FC-6B218364D5A4}.Release|Any CPU.ActiveCfg = Release|Any CPU
		{7B8F8399-0345-41CC-A3FC-6B218364D5A4}.Release|Any CPU.Build.0 = Release|Any CPU
		{AB5D126C-F7B0-4581-BCDF-C692E2EF9C62}.Debug|Any CPU.ActiveCfg = Debug|Any CPU
		{AB5D126C-F7B0-4581-BCDF-C692E2EF9C62}.Debug|Any CPU.Build.0 = Debug|Any CPU
		{AB5D126C-F7B0-4581-BCDF-C692E2EF9C62}.Release|Any CPU.ActiveCfg = Release|Any CPU
		{AB5D126C-F7B0-4581-BCDF-C692E2EF9C62}.Release|Any CPU.Build.0 = Release|Any CPU
		{4DE61DED-C9A7-4C0F-BF3F-5F3B7AAB8DAB}.Debug|Any CPU.ActiveCfg = Debug|Any CPU
		{4DE61DED-C9A7-4C0F-BF3F-5F3B7AAB8DAB}.Debug|Any CPU.Build.0 = Debug|Any CPU
		{4DE61DED-C9A7-4C0F-BF3F-5F3B7AAB8DAB}.Release|Any CPU.ActiveCfg = Release|Any CPU
		{4DE61DED-C9A7-4C0F-BF3F-5F3B7AAB8DAB}.Release|Any CPU.Build.0 = Release|Any CPU
		{5D8AF3D3-FE32-47F7-B8BF-7516C1FD96C3}.Debug|Any CPU.ActiveCfg = Debug|Any CPU
		{5D8AF3D3-FE32-47F7-B8BF-7516C1FD96C3}.Debug|Any CPU.Build.0 = Debug|Any CPU
		{5D8AF3D3-FE32-47F7-B8BF-7516C1FD96C3}.Release|Any CPU.ActiveCfg = Release|Any CPU
		{5D8AF3D3-FE32-47F7-B8BF-7516C1FD96C3}.Release|Any CPU.Build.0 = Release|Any CPU
	EndGlobalSection
	GlobalSection(SolutionProperties) = preSolution
		HideSolutionNode = FALSE
	EndGlobalSection
	GlobalSection(ExtensibilityGlobals) = postSolution
		SolutionGuid = {263AA615-35AC-4317-8276-C19DA8F03F0C}
	EndGlobalSection
EndGlobal
